// !$*UTF8*$!
{
	archiveVersion = 1;
	classes = {
	};
	objectVersion = 56;
	objects = {

/* Begin PBXBuildFile section */
		DA7BD95128DC0198002A92BA /* AuthAPI.swift in Sources */ = {isa = PBXBuildFile; fileRef = DA7BD95028DC0198002A92BA /* AuthAPI.swift */; };
		DA7BD95328DC01AE002A92BA /* AuthService.swift in Sources */ = {isa = PBXBuildFile; fileRef = DA7BD95228DC01AE002A92BA /* AuthService.swift */; };
		DA7BD95528DC01B9002A92BA /* User.swift in Sources */ = {isa = PBXBuildFile; fileRef = DA7BD95428DC01B9002A92BA /* User.swift */; };
		DA7BD95728DC01C2002A92BA /* IDToken.swift in Sources */ = {isa = PBXBuildFile; fileRef = DA7BD95628DC01C2002A92BA /* IDToken.swift */; };
		DA7BD95928DC01CA002A92BA /* IDTokenStore.swift in Sources */ = {isa = PBXBuildFile; fileRef = DA7BD95828DC01CA002A92BA /* IDTokenStore.swift */; };
		DA7BD95C28DC05AA002A92BA /* LoginViewModel.swift in Sources */ = {isa = PBXBuildFile; fileRef = DA7BD95B28DC05AA002A92BA /* LoginViewModel.swift */; };
		DAB2D43F28E1823B004CD870 /* AuthServiceProtocol.swift in Sources */ = {isa = PBXBuildFile; fileRef = DAB2D43E28E1823B004CD870 /* AuthServiceProtocol.swift */; };
		DAB2D44128E18DA7004CD870 /* AuthAPIError.swift in Sources */ = {isa = PBXBuildFile; fileRef = DAB2D44028E18DA6004CD870 /* AuthAPIError.swift */; };
		DABC66A328DAF245008F57DA /* TwitterAPIDemoApp.swift in Sources */ = {isa = PBXBuildFile; fileRef = DABC66A228DAF245008F57DA /* TwitterAPIDemoApp.swift */; };
		DABC66A528DAF245008F57DA /* ContentView.swift in Sources */ = {isa = PBXBuildFile; fileRef = DABC66A428DAF245008F57DA /* ContentView.swift */; };
		DABC66A728DAF246008F57DA /* Assets.xcassets in Resources */ = {isa = PBXBuildFile; fileRef = DABC66A628DAF246008F57DA /* Assets.xcassets */; };
		DABC66AA28DAF246008F57DA /* Preview Assets.xcassets in Resources */ = {isa = PBXBuildFile; fileRef = DABC66A928DAF246008F57DA /* Preview Assets.xcassets */; };
		DABC66B428DAF246008F57DA /* TwitterAPIDemoTests.swift in Sources */ = {isa = PBXBuildFile; fileRef = DABC66B328DAF246008F57DA /* TwitterAPIDemoTests.swift */; };
		DABC66BE28DAF246008F57DA /* TwitterAPIDemoUITests.swift in Sources */ = {isa = PBXBuildFile; fileRef = DABC66BD28DAF246008F57DA /* TwitterAPIDemoUITests.swift */; };
		DABC66C028DAF246008F57DA /* TwitterAPIDemoUITestsLaunchTests.swift in Sources */ = {isa = PBXBuildFile; fileRef = DABC66BF28DAF246008F57DA /* TwitterAPIDemoUITestsLaunchTests.swift */; };
		DABC66CD28DAF298008F57DA /* LoginView.swift in Sources */ = {isa = PBXBuildFile; fileRef = DABC66CC28DAF298008F57DA /* LoginView.swift */; };
/* End PBXBuildFile section */

/* Begin PBXContainerItemProxy section */
		DABC66B028DAF246008F57DA /* PBXContainerItemProxy */ = {
			isa = PBXContainerItemProxy;
			containerPortal = DABC669728DAF245008F57DA /* Project object */;
			proxyType = 1;
			remoteGlobalIDString = DABC669E28DAF245008F57DA;
			remoteInfo = TwitterAPIDemo;
		};
		DABC66BA28DAF246008F57DA /* PBXContainerItemProxy */ = {
			isa = PBXContainerItemProxy;
			containerPortal = DABC669728DAF245008F57DA /* Project object */;
			proxyType = 1;
			remoteGlobalIDString = DABC669E28DAF245008F57DA;
			remoteInfo = TwitterAPIDemo;
		};
/* End PBXContainerItemProxy section */

/* Begin PBXFileReference section */
		DA7BD95028DC0198002A92BA /* AuthAPI.swift */ = {isa = PBXFileReference; lastKnownFileType = sourcecode.swift; path = AuthAPI.swift; sourceTree = "<group>"; };
		DA7BD95228DC01AE002A92BA /* AuthService.swift */ = {isa = PBXFileReference; lastKnownFileType = sourcecode.swift; path = AuthService.swift; sourceTree = "<group>"; };
		DA7BD95428DC01B9002A92BA /* User.swift */ = {isa = PBXFileReference; lastKnownFileType = sourcecode.swift; path = User.swift; sourceTree = "<group>"; };
		DA7BD95628DC01C2002A92BA /* IDToken.swift */ = {isa = PBXFileReference; lastKnownFileType = sourcecode.swift; path = IDToken.swift; sourceTree = "<group>"; };
		DA7BD95828DC01CA002A92BA /* IDTokenStore.swift */ = {isa = PBXFileReference; lastKnownFileType = sourcecode.swift; path = IDTokenStore.swift; sourceTree = "<group>"; };
		DA7BD95B28DC05AA002A92BA /* LoginViewModel.swift */ = {isa = PBXFileReference; lastKnownFileType = sourcecode.swift; path = LoginViewModel.swift; sourceTree = "<group>"; };
		DAB2D43E28E1823B004CD870 /* AuthServiceProtocol.swift */ = {isa = PBXFileReference; lastKnownFileType = sourcecode.swift; path = AuthServiceProtocol.swift; sourceTree = "<group>"; };
		DAB2D44028E18DA6004CD870 /* AuthAPIError.swift */ = {isa = PBXFileReference; lastKnownFileType = sourcecode.swift; path = AuthAPIError.swift; sourceTree = "<group>"; };
		DABC669F28DAF245008F57DA /* TwitterAPIDemo.app */ = {isa = PBXFileReference; explicitFileType = wrapper.application; includeInIndex = 0; path = TwitterAPIDemo.app; sourceTree = BUILT_PRODUCTS_DIR; };
		DABC66A228DAF245008F57DA /* TwitterAPIDemoApp.swift */ = {isa = PBXFileReference; lastKnownFileType = sourcecode.swift; path = TwitterAPIDemoApp.swift; sourceTree = "<group>"; };
		DABC66A428DAF245008F57DA /* ContentView.swift */ = {isa = PBXFileReference; lastKnownFileType = sourcecode.swift; path = ContentView.swift; sourceTree = "<group>"; };
		DABC66A628DAF246008F57DA /* Assets.xcassets */ = {isa = PBXFileReference; lastKnownFileType = folder.assetcatalog; path = Assets.xcassets; sourceTree = "<group>"; };
		DABC66A928DAF246008F57DA /* Preview Assets.xcassets */ = {isa = PBXFileReference; lastKnownFileType = folder.assetcatalog; path = "Preview Assets.xcassets"; sourceTree = "<group>"; };
		DABC66AF28DAF246008F57DA /* TwitterAPIDemoTests.xctest */ = {isa = PBXFileReference; explicitFileType = wrapper.cfbundle; includeInIndex = 0; path = TwitterAPIDemoTests.xctest; sourceTree = BUILT_PRODUCTS_DIR; };
		DABC66B328DAF246008F57DA /* TwitterAPIDemoTests.swift */ = {isa = PBXFileReference; lastKnownFileType = sourcecode.swift; path = TwitterAPIDemoTests.swift; sourceTree = "<group>"; };
		DABC66B928DAF246008F57DA /* TwitterAPIDemoUITests.xctest */ = {isa = PBXFileReference; explicitFileType = wrapper.cfbundle; includeInIndex = 0; path = TwitterAPIDemoUITests.xctest; sourceTree = BUILT_PRODUCTS_DIR; };
		DABC66BD28DAF246008F57DA /* TwitterAPIDemoUITests.swift */ = {isa = PBXFileReference; lastKnownFileType = sourcecode.swift; path = TwitterAPIDemoUITests.swift; sourceTree = "<group>"; };
		DABC66BF28DAF246008F57DA /* TwitterAPIDemoUITestsLaunchTests.swift */ = {isa = PBXFileReference; lastKnownFileType = sourcecode.swift; path = TwitterAPIDemoUITestsLaunchTests.swift; sourceTree = "<group>"; };
		DABC66CC28DAF298008F57DA /* LoginView.swift */ = {isa = PBXFileReference; lastKnownFileType = sourcecode.swift; path = LoginView.swift; sourceTree = "<group>"; };
/* End PBXFileReference section */

/* Begin PBXFrameworksBuildPhase section */
		DABC669C28DAF245008F57DA /* Frameworks */ = {
			isa = PBXFrameworksBuildPhase;
			buildActionMask = 2147483647;
			files = (
			);
			runOnlyForDeploymentPostprocessing = 0;
		};
		DABC66AC28DAF246008F57DA /* Frameworks */ = {
			isa = PBXFrameworksBuildPhase;
			buildActionMask = 2147483647;
			files = (
			);
			runOnlyForDeploymentPostprocessing = 0;
		};
		DABC66B628DAF246008F57DA /* Frameworks */ = {
			isa = PBXFrameworksBuildPhase;
			buildActionMask = 2147483647;
			files = (
			);
			runOnlyForDeploymentPostprocessing = 0;
		};
/* End PBXFrameworksBuildPhase section */

/* Begin PBXGroup section */
		DA7BD94F28DC0191002A92BA /* Models */ = {
			isa = PBXGroup;
			children = (
				DA7BD95428DC01B9002A92BA /* User.swift */,
				DA7BD95628DC01C2002A92BA /* IDToken.swift */,
				DA7BD95828DC01CA002A92BA /* IDTokenStore.swift */,
			);
			path = Models;
			sourceTree = "<group>";
		};
		DA7BD95A28DC01E1002A92BA /* Auth */ = {
			isa = PBXGroup;
			children = (
				DAB2D43E28E1823B004CD870 /* AuthServiceProtocol.swift */,
				DA7BD95228DC01AE002A92BA /* AuthService.swift */,
				DA7BD95028DC0198002A92BA /* AuthAPI.swift */,
				DAB2D44028E18DA6004CD870 /* AuthAPIError.swift */,
			);
			path = Auth;
			sourceTree = "<group>";
		};
		DABC669628DAF245008F57DA = {
			isa = PBXGroup;
			children = (
				DABC66A128DAF245008F57DA /* TwitterAPIDemo */,
				DABC66B228DAF246008F57DA /* TwitterAPIDemoTests */,
				DABC66BC28DAF246008F57DA /* TwitterAPIDemoUITests */,
				DABC66A028DAF245008F57DA /* Products */,
			);
			sourceTree = "<group>";
		};
		DABC66A028DAF245008F57DA /* Products */ = {
			isa = PBXGroup;
			children = (
				DABC669F28DAF245008F57DA /* TwitterAPIDemo.app */,
				DABC66AF28DAF246008F57DA /* TwitterAPIDemoTests.xctest */,
				DABC66B928DAF246008F57DA /* TwitterAPIDemoUITests.xctest */,
			);
			name = Products;
			sourceTree = "<group>";
		};
		DABC66A128DAF245008F57DA /* TwitterAPIDemo */ = {
			isa = PBXGroup;
			children = (
				DA7BD95A28DC01E1002A92BA /* Auth */,
				DA7BD94F28DC0191002A92BA /* Models */,
				DABC66A228DAF245008F57DA /* TwitterAPIDemoApp.swift */,
				DABC66A428DAF245008F57DA /* ContentView.swift */,
				DABC66CC28DAF298008F57DA /* LoginView.swift */,
				DA7BD95B28DC05AA002A92BA /* LoginViewModel.swift */,
				DABC66A628DAF246008F57DA /* Assets.xcassets */,
				DABC66A828DAF246008F57DA /* Preview Content */,
			);
			path = TwitterAPIDemo;
			sourceTree = "<group>";
		};
		DABC66A828DAF246008F57DA /* Preview Content */ = {
			isa = PBXGroup;
			children = (
				DABC66A928DAF246008F57DA /* Preview Assets.xcassets */,
			);
			path = "Preview Content";
			sourceTree = "<group>";
		};
		DABC66B228DAF246008F57DA /* TwitterAPIDemoTests */ = {
			isa = PBXGroup;
			children = (
				DABC66B328DAF246008F57DA /* TwitterAPIDemoTests.swift */,
			);
			path = TwitterAPIDemoTests;
			sourceTree = "<group>";
		};
		DABC66BC28DAF246008F57DA /* TwitterAPIDemoUITests */ = {
			isa = PBXGroup;
			children = (
				DABC66BD28DAF246008F57DA /* TwitterAPIDemoUITests.swift */,
				DABC66BF28DAF246008F57DA /* TwitterAPIDemoUITestsLaunchTests.swift */,
			);
			path = TwitterAPIDemoUITests;
			sourceTree = "<group>";
		};
/* End PBXGroup section */

/* Begin PBXNativeTarget section */
		DABC669E28DAF245008F57DA /* TwitterAPIDemo */ = {
			isa = PBXNativeTarget;
			buildConfigurationList = DABC66C328DAF246008F57DA /* Build configuration list for PBXNativeTarget "TwitterAPIDemo" */;
			buildPhases = (
				DABC669B28DAF245008F57DA /* Sources */,
				DABC669C28DAF245008F57DA /* Frameworks */,
				DABC669D28DAF245008F57DA /* Resources */,
			);
			buildRules = (
			);
			dependencies = (
			);
			name = TwitterAPIDemo;
			productName = TwitterAPIDemo;
			productReference = DABC669F28DAF245008F57DA /* TwitterAPIDemo.app */;
			productType = "com.apple.product-type.application";
		};
		DABC66AE28DAF246008F57DA /* TwitterAPIDemoTests */ = {
			isa = PBXNativeTarget;
			buildConfigurationList = DABC66C628DAF246008F57DA /* Build configuration list for PBXNativeTarget "TwitterAPIDemoTests" */;
			buildPhases = (
				DABC66AB28DAF246008F57DA /* Sources */,
				DABC66AC28DAF246008F57DA /* Frameworks */,
				DABC66AD28DAF246008F57DA /* Resources */,
			);
			buildRules = (
			);
			dependencies = (
				DABC66B128DAF246008F57DA /* PBXTargetDependency */,
			);
			name = TwitterAPIDemoTests;
			productName = TwitterAPIDemoTests;
			productReference = DABC66AF28DAF246008F57DA /* TwitterAPIDemoTests.xctest */;
			productType = "com.apple.product-type.bundle.unit-test";
		};
		DABC66B828DAF246008F57DA /* TwitterAPIDemoUITests */ = {
			isa = PBXNativeTarget;
			buildConfigurationList = DABC66C928DAF246008F57DA /* Build configuration list for PBXNativeTarget "TwitterAPIDemoUITests" */;
			buildPhases = (
				DABC66B528DAF246008F57DA /* Sources */,
				DABC66B628DAF246008F57DA /* Frameworks */,
				DABC66B728DAF246008F57DA /* Resources */,
			);
			buildRules = (
			);
			dependencies = (
				DABC66BB28DAF246008F57DA /* PBXTargetDependency */,
			);
			name = TwitterAPIDemoUITests;
			productName = TwitterAPIDemoUITests;
			productReference = DABC66B928DAF246008F57DA /* TwitterAPIDemoUITests.xctest */;
			productType = "com.apple.product-type.bundle.ui-testing";
		};
/* End PBXNativeTarget section */

/* Begin PBXProject section */
		DABC669728DAF245008F57DA /* Project object */ = {
			isa = PBXProject;
			attributes = {
				BuildIndependentTargetsInParallel = 1;
				LastSwiftUpdateCheck = 1400;
				LastUpgradeCheck = 1400;
				TargetAttributes = {
					DABC669E28DAF245008F57DA = {
						CreatedOnToolsVersion = 14.0;
					};
					DABC66AE28DAF246008F57DA = {
						CreatedOnToolsVersion = 14.0;
						TestTargetID = DABC669E28DAF245008F57DA;
					};
					DABC66B828DAF246008F57DA = {
						CreatedOnToolsVersion = 14.0;
						TestTargetID = DABC669E28DAF245008F57DA;
					};
				};
			};
			buildConfigurationList = DABC669A28DAF245008F57DA /* Build configuration list for PBXProject "TwitterAPIDemo" */;
			compatibilityVersion = "Xcode 14.0";
			developmentRegion = en;
			hasScannedForEncodings = 0;
			knownRegions = (
				en,
				Base,
			);
			mainGroup = DABC669628DAF245008F57DA;
			productRefGroup = DABC66A028DAF245008F57DA /* Products */;
			projectDirPath = "";
			projectRoot = "";
			targets = (
				DABC669E28DAF245008F57DA /* TwitterAPIDemo */,
				DABC66AE28DAF246008F57DA /* TwitterAPIDemoTests */,
				DABC66B828DAF246008F57DA /* TwitterAPIDemoUITests */,
			);
		};
/* End PBXProject section */

/* Begin PBXResourcesBuildPhase section */
		DABC669D28DAF245008F57DA /* Resources */ = {
			isa = PBXResourcesBuildPhase;
			buildActionMask = 2147483647;
			files = (
				DABC66AA28DAF246008F57DA /* Preview Assets.xcassets in Resources */,
				DABC66A728DAF246008F57DA /* Assets.xcassets in Resources */,
			);
			runOnlyForDeploymentPostprocessing = 0;
		};
		DABC66AD28DAF246008F57DA /* Resources */ = {
			isa = PBXResourcesBuildPhase;
			buildActionMask = 2147483647;
			files = (
			);
			runOnlyForDeploymentPostprocessing = 0;
		};
		DABC66B728DAF246008F57DA /* Resources */ = {
			isa = PBXResourcesBuildPhase;
			buildActionMask = 2147483647;
			files = (
			);
			runOnlyForDeploymentPostprocessing = 0;
		};
/* End PBXResourcesBuildPhase section */

/* Begin PBXSourcesBuildPhase section */
		DABC669B28DAF245008F57DA /* Sources */ = {
			isa = PBXSourcesBuildPhase;
			buildActionMask = 2147483647;
			files = (
				DA7BD95928DC01CA002A92BA /* IDTokenStore.swift in Sources */,
				DAB2D44128E18DA7004CD870 /* AuthAPIError.swift in Sources */,
				DA7BD95128DC0198002A92BA /* AuthAPI.swift in Sources */,
				DA7BD95728DC01C2002A92BA /* IDToken.swift in Sources */,
				DAB2D43F28E1823B004CD870 /* AuthServiceProtocol.swift in Sources */,
				DABC66CD28DAF298008F57DA /* LoginView.swift in Sources */,
				DA7BD95528DC01B9002A92BA /* User.swift in Sources */,
				DA7BD95328DC01AE002A92BA /* AuthService.swift in Sources */,
				DABC66A528DAF245008F57DA /* ContentView.swift in Sources */,
				DABC66A328DAF245008F57DA /* TwitterAPIDemoApp.swift in Sources */,
				DA7BD95C28DC05AA002A92BA /* LoginViewModel.swift in Sources */,
			);
			runOnlyForDeploymentPostprocessing = 0;
		};
		DABC66AB28DAF246008F57DA /* Sources */ = {
			isa = PBXSourcesBuildPhase;
			buildActionMask = 2147483647;
			files = (
				DABC66B428DAF246008F57DA /* TwitterAPIDemoTests.swift in Sources */,
			);
			runOnlyForDeploymentPostprocessing = 0;
		};
		DABC66B528DAF246008F57DA /* Sources */ = {
			isa = PBXSourcesBuildPhase;
			buildActionMask = 2147483647;
			files = (
				DABC66C028DAF246008F57DA /* TwitterAPIDemoUITestsLaunchTests.swift in Sources */,
				DABC66BE28DAF246008F57DA /* TwitterAPIDemoUITests.swift in Sources */,
			);
			runOnlyForDeploymentPostprocessing = 0;
		};
/* End PBXSourcesBuildPhase section */

/* Begin PBXTargetDependency section */
		DABC66B128DAF246008F57DA /* PBXTargetDependency */ = {
			isa = PBXTargetDependency;
			target = DABC669E28DAF245008F57DA /* TwitterAPIDemo */;
			targetProxy = DABC66B028DAF246008F57DA /* PBXContainerItemProxy */;
		};
		DABC66BB28DAF246008F57DA /* PBXTargetDependency */ = {
			isa = PBXTargetDependency;
			target = DABC669E28DAF245008F57DA /* TwitterAPIDemo */;
			targetProxy = DABC66BA28DAF246008F57DA /* PBXContainerItemProxy */;
		};
/* End PBXTargetDependency section */

/* Begin XCBuildConfiguration section */
		DABC66C128DAF246008F57DA /* Debug */ = {
			isa = XCBuildConfiguration;
			buildSettings = {
				ALWAYS_SEARCH_USER_PATHS = NO;
				CLANG_ANALYZER_NONNULL = YES;
				CLANG_ANALYZER_NUMBER_OBJECT_CONVERSION = YES_AGGRESSIVE;
				CLANG_CXX_LANGUAGE_STANDARD = "gnu++20";
				CLANG_ENABLE_MODULES = YES;
				CLANG_ENABLE_OBJC_ARC = YES;
				CLANG_ENABLE_OBJC_WEAK = YES;
				CLANG_WARN_BLOCK_CAPTURE_AUTORELEASING = YES;
				CLANG_WARN_BOOL_CONVERSION = YES;
				CLANG_WARN_COMMA = YES;
				CLANG_WARN_CONSTANT_CONVERSION = YES;
				CLANG_WARN_DEPRECATED_OBJC_IMPLEMENTATIONS = YES;
				CLANG_WARN_DIRECT_OBJC_ISA_USAGE = YES_ERROR;
				CLANG_WARN_DOCUMENTATION_COMMENTS = YES;
				CLANG_WARN_EMPTY_BODY = YES;
				CLANG_WARN_ENUM_CONVERSION = YES;
				CLANG_WARN_INFINITE_RECURSION = YES;
				CLANG_WARN_INT_CONVERSION = YES;
				CLANG_WARN_NON_LITERAL_NULL_CONVERSION = YES;
				CLANG_WARN_OBJC_IMPLICIT_RETAIN_SELF = YES;
				CLANG_WARN_OBJC_LITERAL_CONVERSION = YES;
				CLANG_WARN_OBJC_ROOT_CLASS = YES_ERROR;
				CLANG_WARN_QUOTED_INCLUDE_IN_FRAMEWORK_HEADER = YES;
				CLANG_WARN_RANGE_LOOP_ANALYSIS = YES;
				CLANG_WARN_STRICT_PROTOTYPES = YES;
				CLANG_WARN_SUSPICIOUS_MOVE = YES;
				CLANG_WARN_UNGUARDED_AVAILABILITY = YES_AGGRESSIVE;
				CLANG_WARN_UNREACHABLE_CODE = YES;
				CLANG_WARN__DUPLICATE_METHOD_MATCH = YES;
				COPY_PHASE_STRIP = NO;
				DEBUG_INFORMATION_FORMAT = dwarf;
				ENABLE_STRICT_OBJC_MSGSEND = YES;
				ENABLE_TESTABILITY = YES;
				GCC_C_LANGUAGE_STANDARD = gnu11;
				GCC_DYNAMIC_NO_PIC = NO;
				GCC_NO_COMMON_BLOCKS = YES;
				GCC_OPTIMIZATION_LEVEL = 0;
				GCC_PREPROCESSOR_DEFINITIONS = (
					"DEBUG=1",
					"$(inherited)",
				);
				GCC_WARN_64_TO_32_BIT_CONVERSION = YES;
				GCC_WARN_ABOUT_RETURN_TYPE = YES_ERROR;
				GCC_WARN_UNDECLARED_SELECTOR = YES;
				GCC_WARN_UNINITIALIZED_AUTOS = YES_AGGRESSIVE;
				GCC_WARN_UNUSED_FUNCTION = YES;
				GCC_WARN_UNUSED_VARIABLE = YES;
				IPHONEOS_DEPLOYMENT_TARGET = 16.0;
				MTL_ENABLE_DEBUG_INFO = INCLUDE_SOURCE;
				MTL_FAST_MATH = YES;
				ONLY_ACTIVE_ARCH = YES;
				SDKROOT = iphoneos;
				SWIFT_ACTIVE_COMPILATION_CONDITIONS = DEBUG;
				SWIFT_OPTIMIZATION_LEVEL = "-Onone";
			};
			name = Debug;
		};
		DABC66C228DAF246008F57DA /* Release */ = {
			isa = XCBuildConfiguration;
			buildSettings = {
				ALWAYS_SEARCH_USER_PATHS = NO;
				CLANG_ANALYZER_NONNULL = YES;
				CLANG_ANALYZER_NUMBER_OBJECT_CONVERSION = YES_AGGRESSIVE;
				CLANG_CXX_LANGUAGE_STANDARD = "gnu++20";
				CLANG_ENABLE_MODULES = YES;
				CLANG_ENABLE_OBJC_ARC = YES;
				CLANG_ENABLE_OBJC_WEAK = YES;
				CLANG_WARN_BLOCK_CAPTURE_AUTORELEASING = YES;
				CLANG_WARN_BOOL_CONVERSION = YES;
				CLANG_WARN_COMMA = YES;
				CLANG_WARN_CONSTANT_CONVERSION = YES;
				CLANG_WARN_DEPRECATED_OBJC_IMPLEMENTATIONS = YES;
				CLANG_WARN_DIRECT_OBJC_ISA_USAGE = YES_ERROR;
				CLANG_WARN_DOCUMENTATION_COMMENTS = YES;
				CLANG_WARN_EMPTY_BODY = YES;
				CLANG_WARN_ENUM_CONVERSION = YES;
				CLANG_WARN_INFINITE_RECURSION = YES;
				CLANG_WARN_INT_CONVERSION = YES;
				CLANG_WARN_NON_LITERAL_NULL_CONVERSION = YES;
				CLANG_WARN_OBJC_IMPLICIT_RETAIN_SELF = YES;
				CLANG_WARN_OBJC_LITERAL_CONVERSION = YES;
				CLANG_WARN_OBJC_ROOT_CLASS = YES_ERROR;
				CLANG_WARN_QUOTED_INCLUDE_IN_FRAMEWORK_HEADER = YES;
				CLANG_WARN_RANGE_LOOP_ANALYSIS = YES;
				CLANG_WARN_STRICT_PROTOTYPES = YES;
				CLANG_WARN_SUSPICIOUS_MOVE = YES;
				CLANG_WARN_UNGUARDED_AVAILABILITY = YES_AGGRESSIVE;
				CLANG_WARN_UNREACHABLE_CODE = YES;
				CLANG_WARN__DUPLICATE_METHOD_MATCH = YES;
				COPY_PHASE_STRIP = NO;
				DEBUG_INFORMATION_FORMAT = "dwarf-with-dsym";
				ENABLE_NS_ASSERTIONS = NO;
				ENABLE_STRICT_OBJC_MSGSEND = YES;
				GCC_C_LANGUAGE_STANDARD = gnu11;
				GCC_NO_COMMON_BLOCKS = YES;
				GCC_WARN_64_TO_32_BIT_CONVERSION = YES;
				GCC_WARN_ABOUT_RETURN_TYPE = YES_ERROR;
				GCC_WARN_UNDECLARED_SELECTOR = YES;
				GCC_WARN_UNINITIALIZED_AUTOS = YES_AGGRESSIVE;
				GCC_WARN_UNUSED_FUNCTION = YES;
				GCC_WARN_UNUSED_VARIABLE = YES;
				IPHONEOS_DEPLOYMENT_TARGET = 16.0;
				MTL_ENABLE_DEBUG_INFO = NO;
				MTL_FAST_MATH = YES;
				SDKROOT = iphoneos;
				SWIFT_COMPILATION_MODE = wholemodule;
				SWIFT_OPTIMIZATION_LEVEL = "-O";
				VALIDATE_PRODUCT = YES;
			};
			name = Release;
		};
		DABC66C428DAF246008F57DA /* Debug */ = {
			isa = XCBuildConfiguration;
			buildSettings = {
				ASSETCATALOG_COMPILER_APPICON_NAME = AppIcon;
				ASSETCATALOG_COMPILER_GLOBAL_ACCENT_COLOR_NAME = AccentColor;
				CODE_SIGN_STYLE = Automatic;
				CURRENT_PROJECT_VERSION = 1;
				DEVELOPMENT_ASSET_PATHS = "\"TwitterAPIDemo/Preview Content\"";
				DEVELOPMENT_TEAM = BWMJMJK727;
				ENABLE_PREVIEWS = YES;
				GENERATE_INFOPLIST_FILE = YES;
				INFOPLIST_KEY_UIApplicationSceneManifest_Generation = YES;
				INFOPLIST_KEY_UIApplicationSupportsIndirectInputEvents = YES;
				INFOPLIST_KEY_UILaunchScreen_Generation = YES;
				INFOPLIST_KEY_UISupportedInterfaceOrientations_iPad = "UIInterfaceOrientationPortrait UIInterfaceOrientationPortraitUpsideDown UIInterfaceOrientationLandscapeLeft UIInterfaceOrientationLandscapeRight";
				INFOPLIST_KEY_UISupportedInterfaceOrientations_iPhone = "UIInterfaceOrientationPortrait UIInterfaceOrientationLandscapeLeft UIInterfaceOrientationLandscapeRight";
				LD_RUNPATH_SEARCH_PATHS = (
					"$(inherited)",
					"@executable_path/Frameworks",
				);
				MARKETING_VERSION = 1.0;
				PRODUCT_BUNDLE_IDENTIFIER = com.ikeh1024.TwitterAPIDemo;
				PRODUCT_NAME = "$(TARGET_NAME)";
				SWIFT_EMIT_LOC_STRINGS = YES;
				SWIFT_VERSION = 5.0;
				TARGETED_DEVICE_FAMILY = "1,2";
			};
			name = Debug;
		};
		DABC66C528DAF246008F57DA /* Release */ = {
			isa = XCBuildConfiguration;
			buildSettings = {
				ASSETCATALOG_COMPILER_APPICON_NAME = AppIcon;
				ASSETCATALOG_COMPILER_GLOBAL_ACCENT_COLOR_NAME = AccentColor;
				CODE_SIGN_STYLE = Automatic;
				CURRENT_PROJECT_VERSION = 1;
				DEVELOPMENT_ASSET_PATHS = "\"TwitterAPIDemo/Preview Content\"";
				DEVELOPMENT_TEAM = BWMJMJK727;
				ENABLE_PREVIEWS = YES;
				GENERATE_INFOPLIST_FILE = YES;
				INFOPLIST_KEY_UIApplicationSceneManifest_Generation = YES;
				INFOPLIST_KEY_UIApplicationSupportsIndirectInputEvents = YES;
				INFOPLIST_KEY_UILaunchScreen_Generation = YES;
				INFOPLIST_KEY_UISupportedInterfaceOrientations_iPad = "UIInterfaceOrientationPortrait UIInterfaceOrientationPortraitUpsideDown UIInterfaceOrientationLandscapeLeft UIInterfaceOrientationLandscapeRight";
				INFOPLIST_KEY_UISupportedInterfaceOrientations_iPhone = "UIInterfaceOrientationPortrait UIInterfaceOrientationLandscapeLeft UIInterfaceOrientationLandscapeRight";
				LD_RUNPATH_SEARCH_PATHS = (
					"$(inherited)",
					"@executable_path/Frameworks",
				);
				MARKETING_VERSION = 1.0;
				PRODUCT_BUNDLE_IDENTIFIER = com.ikeh1024.TwitterAPIDemo;
				PRODUCT_NAME = "$(TARGET_NAME)";
				SWIFT_EMIT_LOC_STRINGS = YES;
				SWIFT_VERSION = 5.0;
				TARGETED_DEVICE_FAMILY = "1,2";
			};
			name = Release;
		};
		DABC66C728DAF246008F57DA /* Debug */ = {
			isa = XCBuildConfiguration;
			buildSettings = {
				ALWAYS_EMBED_SWIFT_STANDARD_LIBRARIES = YES;
				BUNDLE_LOADER = "$(TEST_HOST)";
				CODE_SIGN_STYLE = Automatic;
				CURRENT_PROJECT_VERSION = 1;
				DEVELOPMENT_TEAM = BWMJMJK727;
				GENERATE_INFOPLIST_FILE = YES;
				IPHONEOS_DEPLOYMENT_TARGET = 16.0;
				MARKETING_VERSION = 1.0;
				PRODUCT_BUNDLE_IDENTIFIER = com.ikeh1024.TwitterAPIDemoTests;
				PRODUCT_NAME = "$(TARGET_NAME)";
				SWIFT_EMIT_LOC_STRINGS = NO;
				SWIFT_VERSION = 5.0;
				TARGETED_DEVICE_FAMILY = "1,2";
				TEST_HOST = "$(BUILT_PRODUCTS_DIR)/TwitterAPIDemo.app/$(BUNDLE_EXECUTABLE_FOLDER_PATH)/TwitterAPIDemo";
			};
			name = Debug;
		};
		DABC66C828DAF246008F57DA /* Release */ = {
			isa = XCBuildConfiguration;
			buildSettings = {
				ALWAYS_EMBED_SWIFT_STANDARD_LIBRARIES = YES;
				BUNDLE_LOADER = "$(TEST_HOST)";
				CODE_SIGN_STYLE = Automatic;
				CURRENT_PROJECT_VERSION = 1;
				DEVELOPMENT_TEAM = BWMJMJK727;
				GENERATE_INFOPLIST_FILE = YES;
				IPHONEOS_DEPLOYMENT_TARGET = 16.0;
				MARKETING_VERSION = 1.0;
				PRODUCT_BUNDLE_IDENTIFIER = com.ikeh1024.TwitterAPIDemoTests;
				PRODUCT_NAME = "$(TARGET_NAME)";
				SWIFT_EMIT_LOC_STRINGS = NO;
				SWIFT_VERSION = 5.0;
				TARGETED_DEVICE_FAMILY = "1,2";
				TEST_HOST = "$(BUILT_PRODUCTS_DIR)/TwitterAPIDemo.app/$(BUNDLE_EXECUTABLE_FOLDER_PATH)/TwitterAPIDemo";
			};
			name = Release;
		};
		DABC66CA28DAF246008F57DA /* Debug */ = {
			isa = XCBuildConfiguration;
			buildSettings = {
				ALWAYS_EMBED_SWIFT_STANDARD_LIBRARIES = YES;
				CODE_SIGN_STYLE = Automatic;
				CURRENT_PROJECT_VERSION = 1;
				DEVELOPMENT_TEAM = BWMJMJK727;
				GENERATE_INFOPLIST_FILE = YES;
				MARKETING_VERSION = 1.0;
				PRODUCT_BUNDLE_IDENTIFIER = com.ikeh1024.TwitterAPIDemoUITests;
				PRODUCT_NAME = "$(TARGET_NAME)";
				SWIFT_EMIT_LOC_STRINGS = NO;
				SWIFT_VERSION = 5.0;
				TARGETED_DEVICE_FAMILY = "1,2";
				TEST_TARGET_NAME = TwitterAPIDemo;
			};
			name = Debug;
		};
		DABC66CB28DAF246008F57DA /* Release */ = {
			isa = XCBuildConfiguration;
			buildSettings = {
				ALWAYS_EMBED_SWIFT_STANDARD_LIBRARIES = YES;
				CODE_SIGN_STYLE = Automatic;
				CURRENT_PROJECT_VERSION = 1;
				DEVELOPMENT_TEAM = BWMJMJK727;
				GENERATE_INFOPLIST_FILE = YES;
				MARKETING_VERSION = 1.0;
				PRODUCT_BUNDLE_IDENTIFIER = com.ikeh1024.TwitterAPIDemoUITests;
				PRODUCT_NAME = "$(TARGET_NAME)";
				SWIFT_EMIT_LOC_STRINGS = NO;
				SWIFT_VERSION = 5.0;
				TARGETED_DEVICE_FAMILY = "1,2";
				TEST_TARGET_NAME = TwitterAPIDemo;
			};
			name = Release;
		};
/* End XCBuildConfiguration section */

/* Begin XCConfigurationList section */
		DABC669A28DAF245008F57DA /* Build configuration list for PBXProject "TwitterAPIDemo" */ = {
			isa = XCConfigurationList;
			buildConfigurations = (
				DABC66C128DAF246008F57DA /* Debug */,
				DABC66C228DAF246008F57DA /* Release */,
			);
			defaultConfigurationIsVisible = 0;
			defaultConfigurationName = Release;
		};
		DABC66C328DAF246008F57DA /* Build configuration list for PBXNativeTarget "TwitterAPIDemo" */ = {
			isa = XCConfigurationList;
			buildConfigurations = (
				DABC66C428DAF246008F57DA /* Debug */,
				DABC66C528DAF246008F57DA /* Release */,
			);
			defaultConfigurationIsVisible = 0;
			defaultConfigurationName = Release;
		};
		DABC66C628DAF246008F57DA /* Build configuration list for PBXNativeTarget "TwitterAPIDemoTests" */ = {
			isa = XCConfigurationList;
			buildConfigurations = (
				DABC66C728DAF246008F57DA /* Debug */,
				DABC66C828DAF246008F57DA /* Release */,
			);
			defaultConfigurationIsVisible = 0;
			defaultConfigurationName = Release;
		};
		DABC66C928DAF246008F57DA /* Build configuration list for PBXNativeTarget "TwitterAPIDemoUITests" */ = {
			isa = XCConfigurationList;
			buildConfigurations = (
				DABC66CA28DAF246008F57DA /* Debug */,
				DABC66CB28DAF246008F57DA /* Release */,
			);
			defaultConfigurationIsVisible = 0;
			defaultConfigurationName = Release;
		};
/* End XCConfigurationList section */
	};
	rootObject = DABC669728DAF245008F57DA /* Project object */;
}
